// !$*UTF8*$!
{
	archiveVersion = 1;
	classes = {
	};
	objectVersion = 50;
	objects = {

/* Begin PBXBuildFile section */
		74A3194B26A7C452001E210C /* AppDelegate.swift in Sources */ = {isa = PBXBuildFile; fileRef = 74A3194A26A7C452001E210C /* AppDelegate.swift */; };
		74A3194D26A7C452001E210C /* SceneDelegate.swift in Sources */ = {isa = PBXBuildFile; fileRef = 74A3194C26A7C452001E210C /* SceneDelegate.swift */; };
		74A3194F26A7C452001E210C /* ViewController.swift in Sources */ = {isa = PBXBuildFile; fileRef = 74A3194E26A7C452001E210C /* ViewController.swift */; };
		74A3195226A7C452001E210C /* Main.storyboard in Resources */ = {isa = PBXBuildFile; fileRef = 74A3195026A7C452001E210C /* Main.storyboard */; };
		74A3195426A7C456001E210C /* Assets.xcassets in Resources */ = {isa = PBXBuildFile; fileRef = 74A3195326A7C456001E210C /* Assets.xcassets */; };
		74A3195726A7C456001E210C /* LaunchScreen.storyboard in Resources */ = {isa = PBXBuildFile; fileRef = 74A3195526A7C456001E210C /* LaunchScreen.storyboard */; };
		74A3196226A7C456001E210C /* PreworkTests.swift in Sources */ = {isa = PBXBuildFile; fileRef = 74A3196126A7C456001E210C /* PreworkTests.swift */; };
		74A3196D26A7C456001E210C /* PreworkUITests.swift in Sources */ = {isa = PBXBuildFile; fileRef = 74A3196C26A7C456001E210C /* PreworkUITests.swift */; };
/* End PBXBuildFile section */

/* Begin PBXContainerItemProxy section */
		74A3195E26A7C456001E210C /* PBXContainerItemProxy */ = {
			isa = PBXContainerItemProxy;
			containerPortal = 74A3193F26A7C452001E210C /* Project object */;
			proxyType = 1;
			remoteGlobalIDString = 74A3194626A7C452001E210C;
			remoteInfo = Prework;
		};
		74A3196926A7C456001E210C /* PBXContainerItemProxy */ = {
			isa = PBXContainerItemProxy;
			containerPortal = 74A3193F26A7C452001E210C /* Project object */;
			proxyType = 1;
			remoteGlobalIDString = 74A3194626A7C452001E210C;
			remoteInfo = Prework;
		};
/* End PBXContainerItemProxy section */

/* Begin PBXFileReference section */
		74A3194726A7C452001E210C /* Prework.app */ = {isa = PBXFileReference; explicitFileType = wrapper.application; includeInIndex = 0; path = Prework.app; sourceTree = BUILT_PRODUCTS_DIR; };
		74A3194A26A7C452001E210C /* AppDelegate.swift */ = {isa = PBXFileReference; lastKnownFileType = sourcecode.swift; path = AppDelegate.swift; sourceTree = "<group>"; };
		74A3194C26A7C452001E210C /* SceneDelegate.swift */ = {isa = PBXFileReference; lastKnownFileType = sourcecode.swift; path = SceneDelegate.swift; sourceTree = "<group>"; };
		74A3194E26A7C452001E210C /* ViewController.swift */ = {isa = PBXFileReference; lastKnownFileType = sourcecode.swift; path = ViewController.swift; sourceTree = "<group>"; };
		74A3195126A7C452001E210C /* Base */ = {isa = PBXFileReference; lastKnownFileType = file.storyboard; name = Base; path = Base.lproj/Main.storyboard; sourceTree = "<group>"; };
		74A3195326A7C456001E210C /* Assets.xcassets */ = {isa = PBXFileReference; lastKnownFileType = folder.assetcatalog; path = Assets.xcassets; sourceTree = "<group>"; };
		74A3195626A7C456001E210C /* Base */ = {isa = PBXFileReference; lastKnownFileType = file.storyboard; name = Base; path = Base.lproj/LaunchScreen.storyboard; sourceTree = "<group>"; };
		74A3195826A7C456001E210C /* Info.plist */ = {isa = PBXFileReference; lastKnownFileType = text.plist.xml; path = Info.plist; sourceTree = "<group>"; };
		74A3195D26A7C456001E210C /* PreworkTests.xctest */ = {isa = PBXFileReference; explicitFileType = wrapper.cfbundle; includeInIndex = 0; path = PreworkTests.xctest; sourceTree = BUILT_PRODUCTS_DIR; };
		74A3196126A7C456001E210C /* PreworkTests.swift */ = {isa = PBXFileReference; lastKnownFileType = sourcecode.swift; path = PreworkTests.swift; sourceTree = "<group>"; };
		74A3196326A7C456001E210C /* Info.plist */ = {isa = PBXFileReference; lastKnownFileType = text.plist.xml; path = Info.plist; sourceTree = "<group>"; };
		74A3196826A7C456001E210C /* PreworkUITests.xctest */ = {isa = PBXFileReference; explicitFileType = wrapper.cfbundle; includeInIndex = 0; path = PreworkUITests.xctest; sourceTree = BUILT_PRODUCTS_DIR; };
		74A3196C26A7C456001E210C /* PreworkUITests.swift */ = {isa = PBXFileReference; lastKnownFileType = sourcecode.swift; path = PreworkUITests.swift; sourceTree = "<group>"; };
		74A3196E26A7C456001E210C /* Info.plist */ = {isa = PBXFileReference; lastKnownFileType = text.plist.xml; path = Info.plist; sourceTree = "<group>"; };
/* End PBXFileReference section */

/* Begin PBXFrameworksBuildPhase section */
		74A3194426A7C452001E210C /* Frameworks */ = {
			isa = PBXFrameworksBuildPhase;
			buildActionMask = 2147483647;
			files = (
			);
			runOnlyForDeploymentPostprocessing = 0;
		};
		74A3195A26A7C456001E210C /* Frameworks */ = {
			isa = PBXFrameworksBuildPhase;
			buildActionMask = 2147483647;
			files = (
			);
			runOnlyForDeploymentPostprocessing = 0;
		};
		74A3196526A7C456001E210C /* Frameworks */ = {
			isa = PBXFrameworksBuildPhase;
			buildActionMask = 2147483647;
			files = (
			);
			runOnlyForDeploymentPostprocessing = 0;
		};
/* End PBXFrameworksBuildPhase section */

/* Begin PBXGroup section */
		74A3193E26A7C452001E210C = {
			isa = PBXGroup;
			children = (
				74A3194926A7C452001E210C /* Prework */,
				74A3196026A7C456001E210C /* PreworkTests */,
				74A3196B26A7C456001E210C /* PreworkUITests */,
				74A3194826A7C452001E210C /* Products */,
			);
			sourceTree = "<group>";
		};
		74A3194826A7C452001E210C /* Products */ = {
			isa = PBXGroup;
			children = (
				74A3194726A7C452001E210C /* Prework.app */,
				74A3195D26A7C456001E210C /* PreworkTests.xctest */,
				74A3196826A7C456001E210C /* PreworkUITests.xctest */,
			);
			name = Products;
			sourceTree = "<group>";
		};
		74A3194926A7C452001E210C /* Prework */ = {
			isa = PBXGroup;
			children = (
				74A3194A26A7C452001E210C /* AppDelegate.swift */,
				74A3194C26A7C452001E210C /* SceneDelegate.swift */,
				74A3194E26A7C452001E210C /* ViewController.swift */,
				74A3195026A7C452001E210C /* Main.storyboard */,
				74A3195326A7C456001E210C /* Assets.xcassets */,
				74A3195526A7C456001E210C /* LaunchScreen.storyboard */,
				74A3195826A7C456001E210C /* Info.plist */,
			);
			path = Prework;
			sourceTree = "<group>";
		};
		74A3196026A7C456001E210C /* PreworkTests */ = {
			isa = PBXGroup;
			children = (
				74A3196126A7C456001E210C /* PreworkTests.swift */,
				74A3196326A7C456001E210C /* Info.plist */,
			);
			path = PreworkTests;
			sourceTree = "<group>";
		};
		74A3196B26A7C456001E210C /* PreworkUITests */ = {
			isa = PBXGroup;
			children = (
				74A3196C26A7C456001E210C /* PreworkUITests.swift */,
				74A3196E26A7C456001E210C /* Info.plist */,
			);
			path = PreworkUITests;
			sourceTree = "<group>";
		};
/* End PBXGroup section */

/* Begin PBXNativeTarget section */
		74A3194626A7C452001E210C /* Prework */ = {
			isa = PBXNativeTarget;
			buildConfigurationList = 74A3197126A7C456001E210C /* Build configuration list for PBXNativeTarget "Prework" */;
			buildPhases = (
				74A3194326A7C452001E210C /* Sources */,
				74A3194426A7C452001E210C /* Frameworks */,
				74A3194526A7C452001E210C /* Resources */,
			);
			buildRules = (
			);
			dependencies = (
			);
			name = Prework;
			productName = Prework;
			productReference = 74A3194726A7C452001E210C /* Prework.app */;
			productType = "com.apple.product-type.application";
		};
		74A3195C26A7C456001E210C /* PreworkTests */ = {
			isa = PBXNativeTarget;
			buildConfigurationList = 74A3197426A7C456001E210C /* Build configuration list for PBXNativeTarget "PreworkTests" */;
			buildPhases = (
				74A3195926A7C456001E210C /* Sources */,
				74A3195A26A7C456001E210C /* Frameworks */,
				74A3195B26A7C456001E210C /* Resources */,
			);
			buildRules = (
			);
			dependencies = (
				74A3195F26A7C456001E210C /* PBXTargetDependency */,
			);
			name = PreworkTests;
			productName = PreworkTests;
			productReference = 74A3195D26A7C456001E210C /* PreworkTests.xctest */;
			productType = "com.apple.product-type.bundle.unit-test";
		};
		74A3196726A7C456001E210C /* PreworkUITests */ = {
			isa = PBXNativeTarget;
			buildConfigurationList = 74A3197726A7C456001E210C /* Build configuration list for PBXNativeTarget "PreworkUITests" */;
			buildPhases = (
				74A3196426A7C456001E210C /* Sources */,
				74A3196526A7C456001E210C /* Frameworks */,
				74A3196626A7C456001E210C /* Resources */,
			);
			buildRules = (
			);
			dependencies = (
				74A3196A26A7C456001E210C /* PBXTargetDependency */,
			);
			name = PreworkUITests;
			productName = PreworkUITests;
			productReference = 74A3196826A7C456001E210C /* PreworkUITests.xctest */;
			productType = "com.apple.product-type.bundle.ui-testing";
		};
/* End PBXNativeTarget section */

/* Begin PBXProject section */
		74A3193F26A7C452001E210C /* Project object */ = {
			isa = PBXProject;
			attributes = {
				LastSwiftUpdateCheck = 1130;
				LastUpgradeCheck = 1130;
				ORGANIZATIONNAME = "Adam Wang";
				TargetAttributes = {
					74A3194626A7C452001E210C = {
						CreatedOnToolsVersion = 11.3.1;
					};
					74A3195C26A7C456001E210C = {
						CreatedOnToolsVersion = 11.3.1;
						TestTargetID = 74A3194626A7C452001E210C;
					};
					74A3196726A7C456001E210C = {
						CreatedOnToolsVersion = 11.3.1;
						TestTargetID = 74A3194626A7C452001E210C;
					};
				};
			};
			buildConfigurationList = 74A3194226A7C452001E210C /* Build configuration list for PBXProject "Prework" */;
			compatibilityVersion = "Xcode 9.3";
			developmentRegion = en;
			hasScannedForEncodings = 0;
			knownRegions = (
				en,
				Base,
			);
			mainGroup = 74A3193E26A7C452001E210C;
			productRefGroup = 74A3194826A7C452001E210C /* Products */;
			projectDirPath = "";
			projectRoot = "";
			targets = (
				74A3194626A7C452001E210C /* Prework */,
				74A3195C26A7C456001E210C /* PreworkTests */,
				74A3196726A7C456001E210C /* PreworkUITests */,
			);
		};
/* End PBXProject section */

/* Begin PBXResourcesBuildPhase section */
		74A3194526A7C452001E210C /* Resources */ = {
			isa = PBXResourcesBuildPhase;
			buildActionMask = 2147483647;
			files = (
				74A3195726A7C456001E210C /* LaunchScreen.storyboard in Resources */,
				74A3195426A7C456001E210C /* Assets.xcassets in Resources */,
				74A3195226A7C452001E210C /* Main.storyboard in Resources */,
			);
			runOnlyForDeploymentPostprocessing = 0;
		};
		74A3195B26A7C456001E210C /* Resources */ = {
			isa = PBXResourcesBuildPhase;
			buildActionMask = 2147483647;
			files = (
			);
			runOnlyForDeploymentPostprocessing = 0;
		};
		74A3196626A7C456001E210C /* Resources */ = {
			isa = PBXResourcesBuildPhase;
			buildActionMask = 2147483647;
			files = (
			);
			runOnlyForDeploymentPostprocessing = 0;
		};
/* End PBXResourcesBuildPhase section */

/* Begin PBXSourcesBuildPhase section */
		74A3194326A7C452001E210C /* Sources */ = {
			isa = PBXSourcesBuildPhase;
			buildActionMask = 2147483647;
			files = (
				74A3194F26A7C452001E210C /* ViewController.swift in Sources */,
				74A3194B26A7C452001E210C /* AppDelegate.swift in Sources */,
				74A3194D26A7C452001E210C /* SceneDelegate.swift in Sources */,
			);
			runOnlyForDeploymentPostprocessing = 0;
		};
		74A3195926A7C456001E210C /* Sources */ = {
			isa = PBXSourcesBuildPhase;
			buildActionMask = 2147483647;
			files = (
				74A3196226A7C456001E210C /* PreworkTests.swift in Sources */,
			);
			runOnlyForDeploymentPostprocessing = 0;
		};
		74A3196426A7C456001E210C /* Sources */ = {
			isa = PBXSourcesBuildPhase;
			buildActionMask = 2147483647;
			files = (
				74A3196D26A7C456001E210C /* PreworkUITests.swift in Sources */,
			);
			runOnlyForDeploymentPostprocessing = 0;
		};
/* End PBXSourcesBuildPhase section */

/* Begin PBXTargetDependency section */
		74A3195F26A7C456001E210C /* PBXTargetDependency */ = {
			isa = PBXTargetDependency;
			target = 74A3194626A7C452001E210C /* Prework */;
			targetProxy = 74A3195E26A7C456001E210C /* PBXContainerItemProxy */;
		};
		74A3196A26A7C456001E210C /* PBXTargetDependency */ = {
			isa = PBXTargetDependency;
			target = 74A3194626A7C452001E210C /* Prework */;
			targetProxy = 74A3196926A7C456001E210C /* PBXContainerItemProxy */;
		};
/* End PBXTargetDependency section */

/* Begin PBXVariantGroup section */
		74A3195026A7C452001E210C /* Main.storyboard */ = {
			isa = PBXVariantGroup;
			children = (
				74A3195126A7C452001E210C /* Base */,
			);
			name = Main.storyboard;
			sourceTree = "<group>";
		};
		74A3195526A7C456001E210C /* LaunchScreen.storyboard */ = {
			isa = PBXVariantGroup;
			children = (
				74A3195626A7C456001E210C /* Base */,
			);
			name = LaunchScreen.storyboard;
			sourceTree = "<group>";
		};
/* End PBXVariantGroup section */

/* Begin XCBuildConfiguration section */
		74A3196F26A7C456001E210C /* Debug */ = {
			isa = XCBuildConfiguration;
			buildSettings = {
				ALWAYS_SEARCH_USER_PATHS = NO;
				CLANG_ANALYZER_NONNULL = YES;
				CLANG_ANALYZER_NUMBER_OBJECT_CONVERSION = YES_AGGRESSIVE;
				CLANG_CXX_LANGUAGE_STANDARD = "gnu++14";
				CLANG_CXX_LIBRARY = "libc++";
				CLANG_ENABLE_MODULES = YES;
				CLANG_ENABLE_OBJC_ARC = YES;
				CLANG_ENABLE_OBJC_WEAK = YES;
				CLANG_WARN_BLOCK_CAPTURE_AUTORELEASING = YES;
				CLANG_WARN_BOOL_CONVERSION = YES;
				CLANG_WARN_COMMA = YES;
				CLANG_WARN_CONSTANT_CONVERSION = YES;
				CLANG_WARN_DEPRECATED_OBJC_IMPLEMENTATIONS = YES;
				CLANG_WARN_DIRECT_OBJC_ISA_USAGE = YES_ERROR;
				CLANG_WARN_DOCUMENTATION_COMMENTS = YES;
				CLANG_WARN_EMPTY_BODY = YES;
				CLANG_WARN_ENUM_CONVERSION = YES;
				CLANG_WARN_INFINITE_RECURSION = YES;
				CLANG_WARN_INT_CONVERSION = YES;
				CLANG_WARN_NON_LITERAL_NULL_CONVERSION = YES;
				CLANG_WARN_OBJC_IMPLICIT_RETAIN_SELF = YES;
				CLANG_WARN_OBJC_LITERAL_CONVERSION = YES;
				CLANG_WARN_OBJC_ROOT_CLASS = YES_ERROR;
				CLANG_WARN_RANGE_LOOP_ANALYSIS = YES;
				CLANG_WARN_STRICT_PROTOTYPES = YES;
				CLANG_WARN_SUSPICIOUS_MOVE = YES;
				CLANG_WARN_UNGUARDED_AVAILABILITY = YES_AGGRESSIVE;
				CLANG_WARN_UNREACHABLE_CODE = YES;
				CLANG_WARN__DUPLICATE_METHOD_MATCH = YES;
				COPY_PHASE_STRIP = NO;
				DEBUG_INFORMATION_FORMAT = dwarf;
				ENABLE_STRICT_OBJC_MSGSEND = YES;
				ENABLE_TESTABILITY = YES;
				GCC_C_LANGUAGE_STANDARD = gnu11;
				GCC_DYNAMIC_NO_PIC = NO;
				GCC_NO_COMMON_BLOCKS = YES;
				GCC_OPTIMIZATION_LEVEL = 0;
				GCC_PREPROCESSOR_DEFINITIONS = (
					"DEBUG=1",
					"$(inherited)",
				);
				GCC_WARN_64_TO_32_BIT_CONVERSION = YES;
				GCC_WARN_ABOUT_RETURN_TYPE = YES_ERROR;
				GCC_WARN_UNDECLARED_SELECTOR = YES;
				GCC_WARN_UNINITIALIZED_AUTOS = YES_AGGRESSIVE;
				GCC_WARN_UNUSED_FUNCTION = YES;
				GCC_WARN_UNUSED_VARIABLE = YES;
				IPHONEOS_DEPLOYMENT_TARGET = 13.2;
				MTL_ENABLE_DEBUG_INFO = INCLUDE_SOURCE;
				MTL_FAST_MATH = YES;
				ONLY_ACTIVE_ARCH = YES;
				SDKROOT = iphoneos;
				SWIFT_ACTIVE_COMPILATION_CONDITIONS = DEBUG;
				SWIFT_OPTIMIZATION_LEVEL = "-Onone";
			};
			name = Debug;
		};
		74A3197026A7C456001E210C /* Release */ = {
			isa = XCBuildConfiguration;
			buildSettings = {
				ALWAYS_SEARCH_USER_PATHS = NO;
				CLANG_ANALYZER_NONNULL = YES;
				CLANG_ANALYZER_NUMBER_OBJECT_CONVERSION = YES_AGGRESSIVE;
				CLANG_CXX_LANGUAGE_STANDARD = "gnu++14";
				CLANG_CXX_LIBRARY = "libc++";
				CLANG_ENABLE_MODULES = YES;
				CLANG_ENABLE_OBJC_ARC = YES;
				CLANG_ENABLE_OBJC_WEAK = YES;
				CLANG_WARN_BLOCK_CAPTURE_AUTORELEASING = YES;
				CLANG_WARN_BOOL_CONVERSION = YES;
				CLANG_WARN_COMMA = YES;
				CLANG_WARN_CONSTANT_CONVERSION = YES;
				CLANG_WARN_DEPRECATED_OBJC_IMPLEMENTATIONS = YES;
				CLANG_WARN_DIRECT_OBJC_ISA_USAGE = YES_ERROR;
				CLANG_WARN_DOCUMENTATION_COMMENTS = YES;
				CLANG_WARN_EMPTY_BODY = YES;
				CLANG_WARN_ENUM_CONVERSION = YES;
				CLANG_WARN_INFINITE_RECURSION = YES;
				CLANG_WARN_INT_CONVERSION = YES;
				CLANG_WARN_NON_LITERAL_NULL_CONVERSION = YES;
				CLANG_WARN_OBJC_IMPLICIT_RETAIN_SELF = YES;
				CLANG_WARN_OBJC_LITERAL_CONVERSION = YES;
				CLANG_WARN_OBJC_ROOT_CLASS = YES_ERROR;
				CLANG_WARN_RANGE_LOOP_ANALYSIS = YES;
				CLANG_WARN_STRICT_PROTOTYPES = YES;
				CLANG_WARN_SUSPICIOUS_MOVE = YES;
				CLANG_WARN_UNGUARDED_AVAILABILITY = YES_AGGRESSIVE;
				CLANG_WARN_UNREACHABLE_CODE = YES;
				CLANG_WARN__DUPLICATE_METHOD_MATCH = YES;
				COPY_PHASE_STRIP = NO;
				DEBUG_INFORMATION_FORMAT = "dwarf-with-dsym";
				ENABLE_NS_ASSERTIONS = NO;
				ENABLE_STRICT_OBJC_MSGSEND = YES;
				GCC_C_LANGUAGE_STANDARD = gnu11;
				GCC_NO_COMMON_BLOCKS = YES;
				GCC_WARN_64_TO_32_BIT_CONVERSION = YES;
				GCC_WARN_ABOUT_RETURN_TYPE = YES_ERROR;
				GCC_WARN_UNDECLARED_SELECTOR = YES;
				GCC_WARN_UNINITIALIZED_AUTOS = YES_AGGRESSIVE;
				GCC_WARN_UNUSED_FUNCTION = YES;
				GCC_WARN_UNUSED_VARIABLE = YES;
				IPHONEOS_DEPLOYMENT_TARGET = 13.2;
				MTL_ENABLE_DEBUG_INFO = NO;
				MTL_FAST_MATH = YES;
				SDKROOT = iphoneos;
				SWIFT_COMPILATION_MODE = wholemodule;
				SWIFT_OPTIMIZATION_LEVEL = "-O";
				VALIDATE_PRODUCT = YES;
			};
			name = Release;
		};
		74A3197226A7C456001E210C /* Debug */ = {
			isa = XCBuildConfiguration;
			buildSettings = {
				ASSETCATALOG_COMPILER_APPICON_NAME = AppIcon;
				CODE_SIGN_STYLE = Automatic;
				INFOPLIST_FILE = Prework/Info.plist;
				LD_RUNPATH_SEARCH_PATHS = (
					"$(inherited)",
					"@executable_path/Frameworks",
				);
				PRODUCT_BUNDLE_IDENTIFIER = adamwang.Prework;
				PRODUCT_NAME = "$(TARGET_NAME)";
				SWIFT_VERSION = 5.0;
				TARGETED_DEVICE_FAMILY = "1,2";
			};
			name = Debug;
		};
		74A3197326A7C456001E210C /* Release */ = {
			isa = XCBuildConfiguration;
			buildSettings = {
				ASSETCATALOG_COMPILER_APPICON_NAME = AppIcon;
				CODE_SIGN_STYLE = Automatic;
				INFOPLIST_FILE = Prework/Info.plist;
				LD_RUNPATH_SEARCH_PATHS = (
					"$(inherited)",
					"@executable_path/Frameworks",
				);
				PRODUCT_BUNDLE_IDENTIFIER = adamwang.Prework;
				PRODUCT_NAME = "$(TARGET_NAME)";
				SWIFT_VERSION = 5.0;
				TARGETED_DEVICE_FAMILY = "1,2";
			};
			name = Release;
		};
		74A3197526A7C456001E210C /* Debug */ = {
			isa = XCBuildConfiguration;
			buildSettings = {
				ALWAYS_EMBED_SWIFT_STANDARD_LIBRARIES = YES;
				BUNDLE_LOADER = "$(TEST_HOST)";
				CODE_SIGN_STYLE = Automatic;
				INFOPLIST_FILE = PreworkTests/Info.plist;
				IPHONEOS_DEPLOYMENT_TARGET = 13.2;
				LD_RUNPATH_SEARCH_PATHS = (
					"$(inherited)",
					"@executable_path/Frameworks",
					"@loader_path/Frameworks",
				);
				PRODUCT_BUNDLE_IDENTIFIER = adamwang.PreworkTests;
				PRODUCT_NAME = "$(TARGET_NAME)";
				SWIFT_VERSION = 5.0;
				TARGETED_DEVICE_FAMILY = "1,2";
				TEST_HOST = "$(BUILT_PRODUCTS_DIR)/Prework.app/Prework";
			};
			name = Debug;
		};
		74A3197626A7C456001E210C /* Release */ = {
			isa = XCBuildConfiguration;
			buildSettings = {
				ALWAYS_EMBED_SWIFT_STANDARD_LIBRARIES = YES;
				BUNDLE_LOADER = "$(TEST_HOST)";
				CODE_SIGN_STYLE = Automatic;
				INFOPLIST_FILE = PreworkTests/Info.plist;
				IPHONEOS_DEPLOYMENT_TARGET = 13.2;
				LD_RUNPATH_SEARCH_PATHS = (
					"$(inherited)",
					"@executable_path/Frameworks",
					"@loader_path/Frameworks",
				);
				PRODUCT_BUNDLE_IDENTIFIER = adamwang.PreworkTests;
				PRODUCT_NAME = "$(TARGET_NAME)";
				SWIFT_VERSION = 5.0;
				TARGETED_DEVICE_FAMILY = "1,2";
				TEST_HOST = "$(BUILT_PRODUCTS_DIR)/Prework.app/Prework";
			};
			name = Release;
		};
		74A3197826A7C456001E210C /* Debug */ = {
			isa = XCBuildConfiguration;
			buildSettings = {
				ALWAYS_EMBED_SWIFT_STANDARD_LIBRARIES = YES;
				CODE_SIGN_STYLE = Automatic;
				INFOPLIST_FILE = PreworkUITests/Info.plist;
				LD_RUNPATH_SEARCH_PATHS = (
					"$(inherited)",
					"@executable_path/Frameworks",
					"@loader_path/Frameworks",
				);
				PRODUCT_BUNDLE_IDENTIFIER = adamwang.PreworkUITests;
				PRODUCT_NAME = "$(TARGET_NAME)";
				SWIFT_VERSION = 5.0;
				TARGETED_DEVICE_FAMILY = "1,2";
				TEST_TARGET_NAME = Prework;
			};
			name = Debug;
		};
		74A3197926A7C456001E210C /* Release */ = {
			isa = XCBuildConfiguration;
			buildSettings = {
				ALWAYS_EMBED_SWIFT_STANDARD_LIBRARIES = YES;
				CODE_SIGN_STYLE = Automatic;
				INFOPLIST_FILE = PreworkUITests/Info.plist;
				LD_RUNPATH_SEARCH_PATHS = (
					"$(inherited)",
					"@executable_path/Frameworks",
					"@loader_path/Frameworks",
				);
				PRODUCT_BUNDLE_IDENTIFIER = adamwang.PreworkUITests;
				PRODUCT_NAME = "$(TARGET_NAME)";
				SWIFT_VERSION = 5.0;
				TARGETED_DEVICE_FAMILY = "1,2";
				TEST_TARGET_NAME = Prework;
			};
			name = Release;
		};
/* End XCBuildConfiguration section */

/* Begin XCConfigurationList section */
		74A3194226A7C452001E210C /* Build configuration list for PBXProject "Prework" */ = {
			isa = XCConfigurationList;
			buildConfigurations = (
				74A3196F26A7C456001E210C /* Debug */,
				74A3197026A7C456001E210C /* Release */,
			);
			defaultConfigurationIsVisible = 0;
			defaultConfigurationName = Release;
		};
		74A3197126A7C456001E210C /* Build configuration list for PBXNativeTarget "Prework" */ = {
			isa = XCConfigurationList;
			buildConfigurations = (
				74A3197226A7C456001E210C /* Debug */,
				74A3197326A7C456001E210C /* Release */,
			);
			defaultConfigurationIsVisible = 0;
			defaultConfigurationName = Release;
		};
		74A3197426A7C456001E210C /* Build configuration list for PBXNativeTarget "PreworkTests" */ = {
			isa = XCConfigurationList;
			buildConfigurations = (
				74A3197526A7C456001E210C /* Debug */,
				74A3197626A7C456001E210C /* Release */,
			);
			defaultConfigurationIsVisible = 0;
			defaultConfigurationName = Release;
		};
		74A3197726A7C456001E210C /* Build configuration list for PBXNativeTarget "PreworkUITests" */ = {
			isa = XCConfigurationList;
			buildConfigurations = (
				74A3197826A7C456001E210C /* Debug */,
				74A3197926A7C456001E210C /* Release */,
			);
			defaultConfigurationIsVisible = 0;
			defaultConfigurationName = Release;
		};
/* End XCConfigurationList section */
	};
	rootObject = 74A3193F26A7C452001E210C /* Project object */;
}
